// !$*UTF8*$!
{
	archiveVersion = 1;
	classes = {
	};
	objectVersion = 50;
	objects = {

/* Begin PBXBuildFile section */
		4E2C1AF72091A62A00754E57 /* Assets.xcassets in Resources */ = {isa = PBXBuildFile; fileRef = 4E2C1AF62091A62A00754E57 /* Assets.xcassets */; };
		4E2C1B0F2091A68200754E57 /* TRAppProxy.framework in Frameworks */ = {isa = PBXBuildFile; fileRef = 4E2C1B062091A68200754E57 /* TRAppProxy.framework */; };
		4E2C1B182091A68300754E57 /* Tarradiddle.h in Headers */ = {isa = PBXBuildFile; fileRef = 4E2C1B082091A68200754E57 /* Tarradiddle.h */; settings = {ATTRIBUTES = (Public, ); }; };
		4E2C1B262091A74300754E57 /* Assets.xcassets in Resources */ = {isa = PBXBuildFile; fileRef = 4E2C1AF62091A62A00754E57 /* Assets.xcassets */; };
		4E407A3A20A2D1F30084BB0A /* SettingsViewModel.swift in Sources */ = {isa = PBXBuildFile; fileRef = 4E407A3920A2D1F30084BB0A /* SettingsViewModel.swift */; };
		4E407A3D20A4A0B90084BB0A /* CGPoint.swift in Sources */ = {isa = PBXBuildFile; fileRef = 4E407A3C20A4A0B90084BB0A /* CGPoint.swift */; };
		4E407A3F20A4AB2D0084BB0A /* SoundWaveView.swift in Sources */ = {isa = PBXBuildFile; fileRef = 4E407A3E20A4AB2D0084BB0A /* SoundWaveView.swift */; };
		4E62B6682091E56600EC4EBD /* UserSearchViewModel.swift in Sources */ = {isa = PBXBuildFile; fileRef = 4E62B6672091E56600EC4EBD /* UserSearchViewModel.swift */; };
		4E62B66A2091E5A000EC4EBD /* ViewModelType.swift in Sources */ = {isa = PBXBuildFile; fileRef = 4E62B6692091E5A000EC4EBD /* ViewModelType.swift */; };
		4E62B66C2091E65B00EC4EBD /* UsersViewController.swift in Sources */ = {isa = PBXBuildFile; fileRef = 4E62B66B2091E65B00EC4EBD /* UsersViewController.swift */; };
		4E62B66F2091EB3C00EC4EBD /* Coordinating.swift in Sources */ = {isa = PBXBuildFile; fileRef = 4E62B66E2091EB3C00EC4EBD /* Coordinating.swift */; };
		4E62B6742091EBB300EC4EBD /* AuthService.swift in Sources */ = {isa = PBXBuildFile; fileRef = 4E62B6732091EBB300EC4EBD /* AuthService.swift */; };
		4E62B6772091EBC600EC4EBD /* AppAccount.swift in Sources */ = {isa = PBXBuildFile; fileRef = 4E62B6762091EBC600EC4EBD /* AppAccount.swift */; };
		4E62B67C2091EC4E00EC4EBD /* AuthCoordinator.swift in Sources */ = {isa = PBXBuildFile; fileRef = 4E62B67B2091EC4E00EC4EBD /* AuthCoordinator.swift */; };
		4E62B69D2092584A00EC4EBD /* AccountService.swift in Sources */ = {isa = PBXBuildFile; fileRef = 4E62B69C2092584A00EC4EBD /* AccountService.swift */; };
		4E62B6A0209317F100EC4EBD /* Bindable.swift in Sources */ = {isa = PBXBuildFile; fileRef = 4E62B69F209317F100EC4EBD /* Bindable.swift */; };
		4E62B6A220931E3000EC4EBD /* LocalUserService.swift in Sources */ = {isa = PBXBuildFile; fileRef = 4E62B6A120931E3000EC4EBD /* LocalUserService.swift */; };
		4E62B6A420931ED900EC4EBD /* User.swift in Sources */ = {isa = PBXBuildFile; fileRef = 4E62B6A320931ED900EC4EBD /* User.swift */; };
		4E674D1D2094C70600906608 /* AudioVisualizationView.swift in Sources */ = {isa = PBXBuildFile; fileRef = 4E674D1C2094C70600906608 /* AudioVisualizationView.swift */; };
		4E976878209F10BF004122B3 /* LaunchScreen.storyboard in Resources */ = {isa = PBXBuildFile; fileRef = 4E2C1AF82091A62A00754E57 /* LaunchScreen.storyboard */; };
		4EB70C7A209E56B700182833 /* ConversationCell.swift in Sources */ = {isa = PBXBuildFile; fileRef = 4EB70C79209E56B700182833 /* ConversationCell.swift */; };
		4EB70CB6209E577300182833 /* ConversationsViewModel.swift in Sources */ = {isa = PBXBuildFile; fileRef = 4EB70CB5209E577300182833 /* ConversationsViewModel.swift */; };
		4EB70CB8209EF4A400182833 /* VoiceMessageCell.swift in Sources */ = {isa = PBXBuildFile; fileRef = 4EB70CB7209EF4A400182833 /* VoiceMessageCell.swift */; };
		4ECCAF5520AC1E1E001250F7 /* Logger.swift in Sources */ = {isa = PBXBuildFile; fileRef = 4ECCAF5420AC1E1E001250F7 /* Logger.swift */; };
		4ECCAF8C20AC2951001250F7 /* Bundle.swift in Sources */ = {isa = PBXBuildFile; fileRef = 4ECCAF8B20AC2951001250F7 /* Bundle.swift */; };
		4EDD664920A9DAE20010418F /* UserDefaults.swift in Sources */ = {isa = PBXBuildFile; fileRef = 4EDD664820A9DAE20010418F /* UserDefaults.swift */; };
		4EDD664B20A9E0A00010418F /* Cloud.swift in Sources */ = {isa = PBXBuildFile; fileRef = 4EDD664A20A9E0A00010418F /* Cloud.swift */; };
		4EF208FC2094568D006B0F0D /* AudioRecorder.swift in Sources */ = {isa = PBXBuildFile; fileRef = 4EF208FB2094568D006B0F0D /* AudioRecorder.swift */; };
		4EF208FE209466ED006B0F0D /* SoundWavesViewController.swift in Sources */ = {isa = PBXBuildFile; fileRef = 4EF208FD209466ED006B0F0D /* SoundWavesViewController.swift */; };
		4EF2090020946705006B0F0D /* ConversationsViewController.swift in Sources */ = {isa = PBXBuildFile; fileRef = 4EF208FF20946705006B0F0D /* ConversationsViewController.swift */; };
		4EF2090220946780006B0F0D /* MessagingViewController.swift in Sources */ = {isa = PBXBuildFile; fileRef = 4EF2090120946780006B0F0D /* MessagingViewController.swift */; };
		4EF2090420947090006B0F0D /* Friendship.swift in Sources */ = {isa = PBXBuildFile; fileRef = 4EF2090320947090006B0F0D /* Friendship.swift */; };
		4EF209062094709B006B0F0D /* Conversation.swift in Sources */ = {isa = PBXBuildFile; fileRef = 4EF209052094709B006B0F0D /* Conversation.swift */; };
		4EF20908209470A5006B0F0D /* VoiceMessage.swift in Sources */ = {isa = PBXBuildFile; fileRef = 4EF20907209470A5006B0F0D /* VoiceMessage.swift */; };
		4EF2090A20947362006B0F0D /* LocalConversationService.swift in Sources */ = {isa = PBXBuildFile; fileRef = 4EF2090920947362006B0F0D /* LocalConversationService.swift */; };
		4EF2090C20948077006B0F0D /* VoiceMessagesViewModel.swift in Sources */ = {isa = PBXBuildFile; fileRef = 4EF2090B20948077006B0F0D /* VoiceMessagesViewModel.swift */; };
		4EF71507210F14CD00149EAE /* AppDatabase.swift in Sources */ = {isa = PBXBuildFile; fileRef = 4E62B6792091EBEB00EC4EBD /* AppDatabase.swift */; };
		4EF71508210F14DB00149EAE /* SupportDatabase.swift in Sources */ = {isa = PBXBuildFile; fileRef = 4E3FD77620AB34E3005E34A1 /* SupportDatabase.swift */; };
		4EF71509210F151700149EAE /* AppCoordinator.swift in Sources */ = {isa = PBXBuildFile; fileRef = 4E62B6702091EB7900EC4EBD /* AppCoordinator.swift */; };
		4EF7150B210F19CB00149EAE /* AppDatabase.swift in Sources */ = {isa = PBXBuildFile; fileRef = 4E62B6792091EBEB00EC4EBD /* AppDatabase.swift */; };
		4EF7150C210F19D100149EAE /* AppCoordinator.swift in Sources */ = {isa = PBXBuildFile; fileRef = 4E62B6702091EB7900EC4EBD /* AppCoordinator.swift */; };
		4EF7150D210F19D300149EAE /* SupportDatabase.swift in Sources */ = {isa = PBXBuildFile; fileRef = 4E3FD77620AB34E3005E34A1 /* SupportDatabase.swift */; };
		4EF7150E210F19D800149EAE /* Cloud.swift in Sources */ = {isa = PBXBuildFile; fileRef = 4EDD664A20A9E0A00010418F /* Cloud.swift */; };
		4EF7150F210F1A1B00149EAE /* AuthService.swift in Sources */ = {isa = PBXBuildFile; fileRef = 4E62B6732091EBB300EC4EBD /* AuthService.swift */; };
		4EF71510210F1A2800149EAE /* AccountService.swift in Sources */ = {isa = PBXBuildFile; fileRef = 4E62B69C2092584A00EC4EBD /* AccountService.swift */; };
		4EF71511210F1A2A00149EAE /* LocalUserService.swift in Sources */ = {isa = PBXBuildFile; fileRef = 4E62B6A120931E3000EC4EBD /* LocalUserService.swift */; };
		4EF71512210F1A2D00149EAE /* AudioRecorder.swift in Sources */ = {isa = PBXBuildFile; fileRef = 4EF208FB2094568D006B0F0D /* AudioRecorder.swift */; };
		4EF71513210F1A2F00149EAE /* LocalConversationService.swift in Sources */ = {isa = PBXBuildFile; fileRef = 4EF2090920947362006B0F0D /* LocalConversationService.swift */; };
		4EF71514210F1A3100149EAE /* Logger.swift in Sources */ = {isa = PBXBuildFile; fileRef = 4ECCAF5420AC1E1E001250F7 /* Logger.swift */; };
		4EF71515210F1A3600149EAE /* AppAccount.swift in Sources */ = {isa = PBXBuildFile; fileRef = 4E62B6762091EBC600EC4EBD /* AppAccount.swift */; };
		4EF71516210F1A3800149EAE /* User.swift in Sources */ = {isa = PBXBuildFile; fileRef = 4E62B6A320931ED900EC4EBD /* User.swift */; };
		4EF71517210F1A3B00149EAE /* Friendship.swift in Sources */ = {isa = PBXBuildFile; fileRef = 4EF2090320947090006B0F0D /* Friendship.swift */; };
		4EF71518210F1A3C00149EAE /* Conversation.swift in Sources */ = {isa = PBXBuildFile; fileRef = 4EF209052094709B006B0F0D /* Conversation.swift */; };
		4EF71519210F1A3E00149EAE /* VoiceMessage.swift in Sources */ = {isa = PBXBuildFile; fileRef = 4EF20907209470A5006B0F0D /* VoiceMessage.swift */; };
		4EF7151A210F1A6F00149EAE /* Bindable.swift in Sources */ = {isa = PBXBuildFile; fileRef = 4E62B69F209317F100EC4EBD /* Bindable.swift */; };
		4EF7151B210F1A7400149EAE /* Coordinating.swift in Sources */ = {isa = PBXBuildFile; fileRef = 4E62B66E2091EB3C00EC4EBD /* Coordinating.swift */; };
		4EF7151C210F1A7B00149EAE /* API.swift in Sources */ = {isa = PBXBuildFile; fileRef = 4E803D242091DAE100E3B6F2 /* API.swift */; };
		4EF7151D210F1A7B00149EAE /* API.swift in Sources */ = {isa = PBXBuildFile; fileRef = 4E803D242091DAE100E3B6F2 /* API.swift */; };
		4EF71523210F1A8600149EAE /* AnonAPI.swift in Sources */ = {isa = PBXBuildFile; fileRef = 4E803D1E2091CCA800E3B6F2 /* AnonAPI.swift */; };
		4EF71524210F1A8600149EAE /* AnonAPI.swift in Sources */ = {isa = PBXBuildFile; fileRef = 4E803D1E2091CCA800E3B6F2 /* AnonAPI.swift */; };
		4EF71529210F1A9F00149EAE /* AudioVisualizationView.swift in Sources */ = {isa = PBXBuildFile; fileRef = 4E674D1C2094C70600906608 /* AudioVisualizationView.swift */; };
		4EF7152B210F1AC300149EAE /* SoundWaveView.swift in Sources */ = {isa = PBXBuildFile; fileRef = 4E407A3E20A4AB2D0084BB0A /* SoundWaveView.swift */; };
		4EF7152C210F1AC600149EAE /* VoiceMessageCell.swift in Sources */ = {isa = PBXBuildFile; fileRef = 4EB70CB7209EF4A400182833 /* VoiceMessageCell.swift */; };
		4EF7152D210F1AC800149EAE /* ConversationCell.swift in Sources */ = {isa = PBXBuildFile; fileRef = 4EB70C79209E56B700182833 /* ConversationCell.swift */; };
		4EF7152E210F1ACD00149EAE /* UserDefaults.swift in Sources */ = {isa = PBXBuildFile; fileRef = 4EDD664820A9DAE20010418F /* UserDefaults.swift */; };
		4EF7152F210F1ACF00149EAE /* CGPoint.swift in Sources */ = {isa = PBXBuildFile; fileRef = 4E407A3C20A4A0B90084BB0A /* CGPoint.swift */; };
		4EF71530210F1AD100149EAE /* Bundle.swift in Sources */ = {isa = PBXBuildFile; fileRef = 4ECCAF8B20AC2951001250F7 /* Bundle.swift */; };
		4EF71532210F1B0800149EAE /* AuthCoordinator.swift in Sources */ = {isa = PBXBuildFile; fileRef = 4E62B67B2091EC4E00EC4EBD /* AuthCoordinator.swift */; };
		4EF71533210F1B0D00149EAE /* SettingsViewModel.swift in Sources */ = {isa = PBXBuildFile; fileRef = 4E407A3920A2D1F30084BB0A /* SettingsViewModel.swift */; };
		4EF71534210F1B0F00149EAE /* ConversationsViewModel.swift in Sources */ = {isa = PBXBuildFile; fileRef = 4EB70CB5209E577300182833 /* ConversationsViewModel.swift */; };
		4EF71535210F1B1100149EAE /* VoiceMessagesViewModel.swift in Sources */ = {isa = PBXBuildFile; fileRef = 4EF2090B20948077006B0F0D /* VoiceMessagesViewModel.swift */; };
		4EF71536210F1B1800149EAE /* ViewModelType.swift in Sources */ = {isa = PBXBuildFile; fileRef = 4E62B6692091E5A000EC4EBD /* ViewModelType.swift */; };
		4EF71537210F1B1C00149EAE /* UserSearchViewModel.swift in Sources */ = {isa = PBXBuildFile; fileRef = 4E62B6672091E56600EC4EBD /* UserSearchViewModel.swift */; };
		4EF71538210F1B2D00149EAE /* UsersViewController.swift in Sources */ = {isa = PBXBuildFile; fileRef = 4E62B66B2091E65B00EC4EBD /* UsersViewController.swift */; };
		4EF71539210F1B2F00149EAE /* SoundWavesViewController.swift in Sources */ = {isa = PBXBuildFile; fileRef = 4EF208FD209466ED006B0F0D /* SoundWavesViewController.swift */; };
		4EF7153A210F1B3100149EAE /* ConversationsViewController.swift in Sources */ = {isa = PBXBuildFile; fileRef = 4EF208FF20946705006B0F0D /* ConversationsViewController.swift */; };
		4EF7153B210F1B3500149EAE /* MessagingViewController.swift in Sources */ = {isa = PBXBuildFile; fileRef = 4EF2090120946780006B0F0D /* MessagingViewController.swift */; };
		4EF7158F210F1CE600149EAE /* Anchorage.framework in Frameworks */ = {isa = PBXBuildFile; fileRef = 4EF7154C210F1C7600149EAE /* Anchorage.framework */; };
		4EF71590210F1CEA00149EAE /* GRDB.framework in Frameworks */ = {isa = PBXBuildFile; fileRef = 4EF71589210F1C9E00149EAE /* GRDB.framework */; };
		4EF71591210F1CF000149EAE /* Apollo.framework in Frameworks */ = {isa = PBXBuildFile; fileRef = 4EF71563210F1C8100149EAE /* Apollo.framework */; };
		4EF71594210F28C800149EAE /* Result.swift in Sources */ = {isa = PBXBuildFile; fileRef = 4EF71593210F28C700149EAE /* Result.swift */; };
		4EF71595210F28C800149EAE /* Result.swift in Sources */ = {isa = PBXBuildFile; fileRef = 4EF71593210F28C700149EAE /* Result.swift */; };
		4EF71597210F28E900149EAE /* Box.swift in Sources */ = {isa = PBXBuildFile; fileRef = 4EF71596210F28E900149EAE /* Box.swift */; };
		4EF71598210F28E900149EAE /* Box.swift in Sources */ = {isa = PBXBuildFile; fileRef = 4EF71596210F28E900149EAE /* Box.swift */; };
		4EF7159C210F29E300149EAE /* LocalUserServiceSpec.swift in Sources */ = {isa = PBXBuildFile; fileRef = 4EF7159B210F29E300149EAE /* LocalUserServiceSpec.swift */; };
		4EF7159E210F2B9300149EAE /* LocalUserServicePerformanceTest.swift in Sources */ = {isa = PBXBuildFile; fileRef = 4EF7159D210F2B9300149EAE /* LocalUserServicePerformanceTest.swift */; };
		4EF715B9210F4F6C00149EAE /* Router.swift in Sources */ = {isa = PBXBuildFile; fileRef = 4EF715B8210F4F6C00149EAE /* Router.swift */; };
		4EF715BA210F4F6C00149EAE /* Router.swift in Sources */ = {isa = PBXBuildFile; fileRef = 4EF715B8210F4F6C00149EAE /* Router.swift */; };
		4EF715BC210F4F8F00149EAE /* Then.swift in Sources */ = {isa = PBXBuildFile; fileRef = 4EF715BB210F4F8F00149EAE /* Then.swift */; };
		4EF715BD210F4F8F00149EAE /* Then.swift in Sources */ = {isa = PBXBuildFile; fileRef = 4EF715BB210F4F8F00149EAE /* Then.swift */; };
		4EF715BF210F4FA400149EAE /* Presentable.swift in Sources */ = {isa = PBXBuildFile; fileRef = 4EF715BE210F4FA400149EAE /* Presentable.swift */; };
		4EF715C0210F4FA400149EAE /* Presentable.swift in Sources */ = {isa = PBXBuildFile; fileRef = 4EF715BE210F4FA400149EAE /* Presentable.swift */; };
		4EF715C2210F658D00149EAE /* AppDelegate.swift in Sources */ = {isa = PBXBuildFile; fileRef = 4EF715C1210F658C00149EAE /* AppDelegate.swift */; };
		4EF715C3210F658D00149EAE /* AppDelegate.swift in Sources */ = {isa = PBXBuildFile; fileRef = 4EF715C1210F658C00149EAE /* AppDelegate.swift */; };
		4EF715CA210F67B600149EAE /* SettingsCell.swift in Sources */ = {isa = PBXBuildFile; fileRef = 4EF715C9210F67B600149EAE /* SettingsCell.swift */; };
		4EF715CB210F67B600149EAE /* SettingsCell.swift in Sources */ = {isa = PBXBuildFile; fileRef = 4EF715C9210F67B600149EAE /* SettingsCell.swift */; };
		4EF715CD210F680600149EAE /* TextInputCell.swift in Sources */ = {isa = PBXBuildFile; fileRef = 4EF715CC210F680600149EAE /* TextInputCell.swift */; };
		4EF715CE210F680600149EAE /* TextInputCell.swift in Sources */ = {isa = PBXBuildFile; fileRef = 4EF715CC210F680600149EAE /* TextInputCell.swift */; };
		4EF715D0210F6BE300149EAE /* AudioPlayer.swift in Sources */ = {isa = PBXBuildFile; fileRef = 4EF715CF210F6BE300149EAE /* AudioPlayer.swift */; };
		4EF715D1210F6BE300149EAE /* AudioPlayer.swift in Sources */ = {isa = PBXBuildFile; fileRef = 4EF715CF210F6BE300149EAE /* AudioPlayer.swift */; };
		4EF715D3210F6CA700149EAE /* AppUserDefaults.swift in Sources */ = {isa = PBXBuildFile; fileRef = 4EF715D2210F6CA700149EAE /* AppUserDefaults.swift */; };
		4EF715D4210F6CA700149EAE /* AppUserDefaults.swift in Sources */ = {isa = PBXBuildFile; fileRef = 4EF715D2210F6CA700149EAE /* AppUserDefaults.swift */; };
/* End PBXBuildFile section */

/* Begin PBXContainerItemProxy section */
		4E2C1B102091A68200754E57 /* PBXContainerItemProxy */ = {
			isa = PBXContainerItemProxy;
			containerPortal = 4E2C1AE42091A62800754E57 /* Project object */;
			proxyType = 1;
			remoteGlobalIDString = 4E2C1B052091A68200754E57;
			remoteInfo = Tarradiddle;
		};
		4EF71549210F1C7600149EAE /* PBXContainerItemProxy */ = {
			isa = PBXContainerItemProxy;
			containerPortal = 4EF7153E210F1C7600149EAE /* Anchorage.xcodeproj */;
			proxyType = 2;
			remoteGlobalIDString = 2DD242681D95C2CE001D6725;
			remoteInfo = AnchorageDemo;
		};
		4EF7154B210F1C7600149EAE /* PBXContainerItemProxy */ = {
			isa = PBXContainerItemProxy;
			containerPortal = 4EF7153E210F1C7600149EAE /* Anchorage.xcodeproj */;
			proxyType = 2;
			remoteGlobalIDString = 3C2050AB1D3B20FD00995DF3;
			remoteInfo = "Anchorage-iOS";
		};
		4EF7154D210F1C7600149EAE /* PBXContainerItemProxy */ = {
			isa = PBXContainerItemProxy;
			containerPortal = 4EF7153E210F1C7600149EAE /* Anchorage.xcodeproj */;
			proxyType = 2;
			remoteGlobalIDString = 7A39D62E1EB53E1100BDE9C0;
			remoteInfo = "AnchorageTests-iOS";
		};
		4EF7154F210F1C7600149EAE /* PBXContainerItemProxy */ = {
			isa = PBXContainerItemProxy;
			containerPortal = 4EF7153E210F1C7600149EAE /* Anchorage.xcodeproj */;
			proxyType = 2;
			remoteGlobalIDString = F15462921E56842400C3948D;
			remoteInfo = "Anchorage-macOS";
		};
		4EF71551210F1C7600149EAE /* PBXContainerItemProxy */ = {
			isa = PBXContainerItemProxy;
			containerPortal = 4EF7153E210F1C7600149EAE /* Anchorage.xcodeproj */;
			proxyType = 2;
			remoteGlobalIDString = CD6A0E671EB7CDEF00FFF5DB;
			remoteInfo = "AnchorageTests-macOS";
		};
		4EF71553210F1C7600149EAE /* PBXContainerItemProxy */ = {
			isa = PBXContainerItemProxy;
			containerPortal = 4EF7153E210F1C7600149EAE /* Anchorage.xcodeproj */;
			proxyType = 2;
			remoteGlobalIDString = CD6A0E771EB7CE3A00FFF5DB;
			remoteInfo = "Anchorage-tvOS";
		};
		4EF71555210F1C7600149EAE /* PBXContainerItemProxy */ = {
			isa = PBXContainerItemProxy;
			containerPortal = 4EF7153E210F1C7600149EAE /* Anchorage.xcodeproj */;
			proxyType = 2;
			remoteGlobalIDString = CD6A0E7F1EB7CE3A00FFF5DB;
			remoteInfo = "Anchorage-tvOSTests";
		};
		4EF71562210F1C8100149EAE /* PBXContainerItemProxy */ = {
			isa = PBXContainerItemProxy;
			containerPortal = 4EF71557210F1C8100149EAE /* Apollo.xcodeproj */;
			proxyType = 2;
			remoteGlobalIDString = 9FC750441D2A532C00458D91;
			remoteInfo = Apollo;
		};
		4EF71564210F1C8100149EAE /* PBXContainerItemProxy */ = {
			isa = PBXContainerItemProxy;
			containerPortal = 4EF71557210F1C8100149EAE /* Apollo.xcodeproj */;
			proxyType = 2;
			remoteGlobalIDString = 9FC7504E1D2A532D00458D91;
			remoteInfo = ApolloTests;
		};
		4EF71566210F1C8100149EAE /* PBXContainerItemProxy */ = {
			isa = PBXContainerItemProxy;
			containerPortal = 4EF71557210F1C8100149EAE /* Apollo.xcodeproj */;
			proxyType = 2;
			remoteGlobalIDString = 9FA6ABBC1EC0A988000017BE;
			remoteInfo = ApolloCacheDependentTests;
		};
		4EF71568210F1C8100149EAE /* PBXContainerItemProxy */ = {
			isa = PBXContainerItemProxy;
			containerPortal = 4EF71557210F1C8100149EAE /* Apollo.xcodeproj */;
			proxyType = 2;
			remoteGlobalIDString = 9FC631331E6AE2080062707E;
			remoteInfo = ApolloPerformanceTests;
		};
		4EF7156A210F1C8100149EAE /* PBXContainerItemProxy */ = {
			isa = PBXContainerItemProxy;
			containerPortal = 4EF71557210F1C8100149EAE /* Apollo.xcodeproj */;
			proxyType = 2;
			remoteGlobalIDString = 9FCE2CFA1E6C213D00E34457;
			remoteInfo = StarWarsAPI;
		};
		4EF7156C210F1C8100149EAE /* PBXContainerItemProxy */ = {
			isa = PBXContainerItemProxy;
			containerPortal = 4EF71557210F1C8100149EAE /* Apollo.xcodeproj */;
			proxyType = 2;
			remoteGlobalIDString = 9FACA9C61F42E67200AE2DBD;
			remoteInfo = GitHubAPI;
		};
		4EF7156E210F1C8100149EAE /* PBXContainerItemProxy */ = {
			isa = PBXContainerItemProxy;
			containerPortal = 4EF71557210F1C8100149EAE /* Apollo.xcodeproj */;
			proxyType = 2;
			remoteGlobalIDString = 9FD637E11E6ACF88001EDBC8;
			remoteInfo = "TestHost iOS";
		};
		4EF71570210F1C8100149EAE /* PBXContainerItemProxy */ = {
			isa = PBXContainerItemProxy;
			containerPortal = 4EF71557210F1C8100149EAE /* Apollo.xcodeproj */;
			proxyType = 2;
			remoteGlobalIDString = 9F8A95781EC0FC1200304A2D;
			remoteInfo = ApolloTestSupport;
		};
		4EF7157E210F1C9E00149EAE /* PBXContainerItemProxy */ = {
			isa = PBXContainerItemProxy;
			containerPortal = 4EF71572210F1C9D00149EAE /* GRDB.xcodeproj */;
			proxyType = 2;
			remoteGlobalIDString = DC3773F319C8CBB3004FCF85;
			remoteInfo = GRDBOSX;
		};
		4EF71580210F1C9E00149EAE /* PBXContainerItemProxy */ = {
			isa = PBXContainerItemProxy;
			containerPortal = 4EF71572210F1C9D00149EAE /* GRDB.xcodeproj */;
			proxyType = 2;
			remoteGlobalIDString = 56E5D7F91B4D422D00430942;
			remoteInfo = GRDBOSXTests;
		};
		4EF71582210F1C9E00149EAE /* PBXContainerItemProxy */ = {
			isa = PBXContainerItemProxy;
			containerPortal = 4EF71572210F1C9D00149EAE /* GRDB.xcodeproj */;
			proxyType = 2;
			remoteGlobalIDString = 560C981A1C0E22D300BF8471;
			remoteInfo = GRDBOSXPerformanceTests;
		};
		4EF71584210F1C9E00149EAE /* PBXContainerItemProxy */ = {
			isa = PBXContainerItemProxy;
			containerPortal = 4EF71572210F1C9D00149EAE /* GRDB.xcodeproj */;
			proxyType = 2;
			remoteGlobalIDString = 56439B501F4CA1DC0066043F;
			remoteInfo = GRDBOSXPerformanceComparisonTests;
		};
		4EF71586210F1C9E00149EAE /* PBXContainerItemProxy */ = {
			isa = PBXContainerItemProxy;
			containerPortal = 4EF71572210F1C9D00149EAE /* GRDB.xcodeproj */;
			proxyType = 2;
			remoteGlobalIDString = 56553C181C3E906C00522B5C;
			remoteInfo = GRDBOSXCrashTests;
		};
		4EF71588210F1C9E00149EAE /* PBXContainerItemProxy */ = {
			isa = PBXContainerItemProxy;
			containerPortal = 4EF71572210F1C9D00149EAE /* GRDB.xcodeproj */;
			proxyType = 2;
			remoteGlobalIDString = 56E5D7CA1B4D3FED00430942;
			remoteInfo = GRDBiOS;
		};
		4EF7158A210F1C9E00149EAE /* PBXContainerItemProxy */ = {
			isa = PBXContainerItemProxy;
			containerPortal = 4EF71572210F1C9D00149EAE /* GRDB.xcodeproj */;
			proxyType = 2;
			remoteGlobalIDString = 56E5D7D31B4D3FEE00430942;
			remoteInfo = GRDBiOSTests;
		};
		4EF7158C210F1C9E00149EAE /* PBXContainerItemProxy */ = {
			isa = PBXContainerItemProxy;
			containerPortal = 4EF71572210F1C9D00149EAE /* GRDB.xcodeproj */;
			proxyType = 2;
			remoteGlobalIDString = 565490A01D5A4798005622CB;
			remoteInfo = GRDBWatchOS;
		};
/* End PBXContainerItemProxy section */

/* Begin PBXFileReference section */
		4E2C1AEC2091A62800754E57 /* TRiOS.app */ = {isa = PBXFileReference; explicitFileType = wrapper.application; includeInIndex = 0; path = TRiOS.app; sourceTree = BUILT_PRODUCTS_DIR; };
		4E2C1AF62091A62A00754E57 /* Assets.xcassets */ = {isa = PBXFileReference; lastKnownFileType = folder.assetcatalog; path = Assets.xcassets; sourceTree = "<group>"; };
		4E2C1AF92091A62A00754E57 /* Base */ = {isa = PBXFileReference; lastKnownFileType = file.storyboard; name = Base; path = Base.lproj/LaunchScreen.storyboard; sourceTree = "<group>"; };
		4E2C1AFB2091A62A00754E57 /* Info.plist */ = {isa = PBXFileReference; lastKnownFileType = text.plist.xml; path = Info.plist; sourceTree = "<group>"; };
		4E2C1B062091A68200754E57 /* TRAppProxy.framework */ = {isa = PBXFileReference; explicitFileType = wrapper.framework; includeInIndex = 0; path = TRAppProxy.framework; sourceTree = BUILT_PRODUCTS_DIR; };
		4E2C1B082091A68200754E57 /* Tarradiddle.h */ = {isa = PBXFileReference; lastKnownFileType = sourcecode.c.h; path = Tarradiddle.h; sourceTree = "<group>"; };
		4E2C1B092091A68200754E57 /* Info.plist */ = {isa = PBXFileReference; lastKnownFileType = text.plist.xml; path = Info.plist; sourceTree = "<group>"; };
		4E2C1B0E2091A68200754E57 /* TRTests.xctest */ = {isa = PBXFileReference; explicitFileType = wrapper.cfbundle; includeInIndex = 0; path = TRTests.xctest; sourceTree = BUILT_PRODUCTS_DIR; };
		4E2C1B172091A68300754E57 /* Info.plist */ = {isa = PBXFileReference; lastKnownFileType = text.plist.xml; path = Info.plist; sourceTree = "<group>"; };
		4E3FD77620AB34E3005E34A1 /* SupportDatabase.swift */ = {isa = PBXFileReference; lastKnownFileType = sourcecode.swift; path = SupportDatabase.swift; sourceTree = "<group>"; };
		4E407A3920A2D1F30084BB0A /* SettingsViewModel.swift */ = {isa = PBXFileReference; lastKnownFileType = sourcecode.swift; path = SettingsViewModel.swift; sourceTree = "<group>"; };
		4E407A3C20A4A0B90084BB0A /* CGPoint.swift */ = {isa = PBXFileReference; lastKnownFileType = sourcecode.swift; path = CGPoint.swift; sourceTree = "<group>"; };
		4E407A3E20A4AB2D0084BB0A /* SoundWaveView.swift */ = {isa = PBXFileReference; lastKnownFileType = sourcecode.swift; path = SoundWaveView.swift; sourceTree = "<group>"; };
		4E62B6672091E56600EC4EBD /* UserSearchViewModel.swift */ = {isa = PBXFileReference; lastKnownFileType = sourcecode.swift; path = UserSearchViewModel.swift; sourceTree = "<group>"; };
		4E62B6692091E5A000EC4EBD /* ViewModelType.swift */ = {isa = PBXFileReference; lastKnownFileType = sourcecode.swift; path = ViewModelType.swift; sourceTree = "<group>"; };
		4E62B66B2091E65B00EC4EBD /* UsersViewController.swift */ = {isa = PBXFileReference; lastKnownFileType = sourcecode.swift; path = UsersViewController.swift; sourceTree = "<group>"; };
		4E62B66E2091EB3C00EC4EBD /* Coordinating.swift */ = {isa = PBXFileReference; lastKnownFileType = sourcecode.swift; path = Coordinating.swift; sourceTree = "<group>"; };
		4E62B6702091EB7900EC4EBD /* AppCoordinator.swift */ = {isa = PBXFileReference; lastKnownFileType = sourcecode.swift; path = AppCoordinator.swift; sourceTree = "<group>"; };
		4E62B6732091EBB300EC4EBD /* AuthService.swift */ = {isa = PBXFileReference; lastKnownFileType = sourcecode.swift; path = AuthService.swift; sourceTree = "<group>"; };
		4E62B6762091EBC600EC4EBD /* AppAccount.swift */ = {isa = PBXFileReference; lastKnownFileType = sourcecode.swift; path = AppAccount.swift; sourceTree = "<group>"; };
		4E62B6792091EBEB00EC4EBD /* AppDatabase.swift */ = {isa = PBXFileReference; lastKnownFileType = sourcecode.swift; path = AppDatabase.swift; sourceTree = "<group>"; };
		4E62B67B2091EC4E00EC4EBD /* AuthCoordinator.swift */ = {isa = PBXFileReference; lastKnownFileType = sourcecode.swift; path = AuthCoordinator.swift; sourceTree = "<group>"; };
		4E62B69C2092584A00EC4EBD /* AccountService.swift */ = {isa = PBXFileReference; lastKnownFileType = sourcecode.swift; path = AccountService.swift; sourceTree = "<group>"; };
		4E62B69F209317F100EC4EBD /* Bindable.swift */ = {isa = PBXFileReference; lastKnownFileType = sourcecode.swift; path = Bindable.swift; sourceTree = "<group>"; };
		4E62B6A120931E3000EC4EBD /* LocalUserService.swift */ = {isa = PBXFileReference; lastKnownFileType = sourcecode.swift; path = LocalUserService.swift; sourceTree = "<group>"; };
		4E62B6A320931ED900EC4EBD /* User.swift */ = {isa = PBXFileReference; lastKnownFileType = sourcecode.swift; path = User.swift; sourceTree = "<group>"; };
		4E674D1C2094C70600906608 /* AudioVisualizationView.swift */ = {isa = PBXFileReference; fileEncoding = 4; lastKnownFileType = sourcecode.swift; path = AudioVisualizationView.swift; sourceTree = "<group>"; };
		4E803D162091CB6D00E3B6F2 /* anon_schema.json */ = {isa = PBXFileReference; fileEncoding = 4; lastKnownFileType = text.json; path = anon_schema.json; sourceTree = "<group>"; };
		4E803D172091CB6D00E3B6F2 /* schema.json */ = {isa = PBXFileReference; fileEncoding = 4; lastKnownFileType = text.json; path = schema.json; sourceTree = "<group>"; };
		4E803D1C2091CBEF00E3B6F2 /* CreateUser.graphql */ = {isa = PBXFileReference; lastKnownFileType = text; path = CreateUser.graphql; sourceTree = "<group>"; };
		4E803D1E2091CCA800E3B6F2 /* AnonAPI.swift */ = {isa = PBXFileReference; fileEncoding = 4; lastKnownFileType = sourcecode.swift; path = AnonAPI.swift; sourceTree = "<group>"; };
		4E803D212091D95D00E3B6F2 /* SearchUsers.graphql */ = {isa = PBXFileReference; lastKnownFileType = text; path = SearchUsers.graphql; sourceTree = "<group>"; };
		4E803D242091DAE100E3B6F2 /* API.swift */ = {isa = PBXFileReference; fileEncoding = 4; lastKnownFileType = sourcecode.swift; path = API.swift; sourceTree = "<group>"; };
		4EB70C79209E56B700182833 /* ConversationCell.swift */ = {isa = PBXFileReference; lastKnownFileType = sourcecode.swift; path = ConversationCell.swift; sourceTree = "<group>"; };
		4EB70CB5209E577300182833 /* ConversationsViewModel.swift */ = {isa = PBXFileReference; lastKnownFileType = sourcecode.swift; path = ConversationsViewModel.swift; sourceTree = "<group>"; };
		4EB70CB7209EF4A400182833 /* VoiceMessageCell.swift */ = {isa = PBXFileReference; lastKnownFileType = sourcecode.swift; path = VoiceMessageCell.swift; sourceTree = "<group>"; };
		4ECCAF5420AC1E1E001250F7 /* Logger.swift */ = {isa = PBXFileReference; lastKnownFileType = sourcecode.swift; path = Logger.swift; sourceTree = "<group>"; };
		4ECCAF8B20AC2951001250F7 /* Bundle.swift */ = {isa = PBXFileReference; lastKnownFileType = sourcecode.swift; path = Bundle.swift; sourceTree = "<group>"; };
		4EDD664820A9DAE20010418F /* UserDefaults.swift */ = {isa = PBXFileReference; lastKnownFileType = sourcecode.swift; path = UserDefaults.swift; sourceTree = "<group>"; };
		4EDD664A20A9E0A00010418F /* Cloud.swift */ = {isa = PBXFileReference; lastKnownFileType = sourcecode.swift; path = Cloud.swift; sourceTree = "<group>"; };
		4EF208FB2094568D006B0F0D /* AudioRecorder.swift */ = {isa = PBXFileReference; lastKnownFileType = sourcecode.swift; path = AudioRecorder.swift; sourceTree = "<group>"; };
		4EF208FD209466ED006B0F0D /* SoundWavesViewController.swift */ = {isa = PBXFileReference; lastKnownFileType = sourcecode.swift; path = SoundWavesViewController.swift; sourceTree = "<group>"; };
		4EF208FF20946705006B0F0D /* ConversationsViewController.swift */ = {isa = PBXFileReference; lastKnownFileType = sourcecode.swift; path = ConversationsViewController.swift; sourceTree = "<group>"; };
		4EF2090120946780006B0F0D /* MessagingViewController.swift */ = {isa = PBXFileReference; lastKnownFileType = sourcecode.swift; path = MessagingViewController.swift; sourceTree = "<group>"; };
		4EF2090320947090006B0F0D /* Friendship.swift */ = {isa = PBXFileReference; lastKnownFileType = sourcecode.swift; path = Friendship.swift; sourceTree = "<group>"; };
		4EF209052094709B006B0F0D /* Conversation.swift */ = {isa = PBXFileReference; lastKnownFileType = sourcecode.swift; path = Conversation.swift; sourceTree = "<group>"; };
		4EF20907209470A5006B0F0D /* VoiceMessage.swift */ = {isa = PBXFileReference; lastKnownFileType = sourcecode.swift; path = VoiceMessage.swift; sourceTree = "<group>"; };
		4EF2090920947362006B0F0D /* LocalConversationService.swift */ = {isa = PBXFileReference; lastKnownFileType = sourcecode.swift; path = LocalConversationService.swift; sourceTree = "<group>"; };
		4EF2090B20948077006B0F0D /* VoiceMessagesViewModel.swift */ = {isa = PBXFileReference; lastKnownFileType = sourcecode.swift; path = VoiceMessagesViewModel.swift; sourceTree = "<group>"; };
		4EF7153E210F1C7600149EAE /* Anchorage.xcodeproj */ = {isa = PBXFileReference; lastKnownFileType = "wrapper.pb-project"; name = Anchorage.xcodeproj; path = Carthage/Checkouts/Anchorage/Anchorage.xcodeproj; sourceTree = SOURCE_ROOT; };
		4EF71557210F1C8100149EAE /* Apollo.xcodeproj */ = {isa = PBXFileReference; lastKnownFileType = "wrapper.pb-project"; name = Apollo.xcodeproj; path = "Carthage/Checkouts/apollo-ios/Apollo.xcodeproj"; sourceTree = SOURCE_ROOT; };
		4EF71572210F1C9D00149EAE /* GRDB.xcodeproj */ = {isa = PBXFileReference; lastKnownFileType = "wrapper.pb-project"; name = GRDB.xcodeproj; path = Carthage/Checkouts/GRDB.swift/GRDB.xcodeproj; sourceTree = SOURCE_ROOT; };
		4EF71593210F28C700149EAE /* Result.swift */ = {isa = PBXFileReference; lastKnownFileType = sourcecode.swift; path = Result.swift; sourceTree = "<group>"; };
		4EF71596210F28E900149EAE /* Box.swift */ = {isa = PBXFileReference; lastKnownFileType = sourcecode.swift; path = Box.swift; sourceTree = "<group>"; };
		4EF7159B210F29E300149EAE /* LocalUserServiceSpec.swift */ = {isa = PBXFileReference; lastKnownFileType = sourcecode.swift; path = LocalUserServiceSpec.swift; sourceTree = "<group>"; };
		4EF7159D210F2B9300149EAE /* LocalUserServicePerformanceTest.swift */ = {isa = PBXFileReference; lastKnownFileType = sourcecode.swift; path = LocalUserServicePerformanceTest.swift; sourceTree = "<group>"; };
		4EF715B8210F4F6C00149EAE /* Router.swift */ = {isa = PBXFileReference; lastKnownFileType = sourcecode.swift; path = Router.swift; sourceTree = "<group>"; };
		4EF715BB210F4F8F00149EAE /* Then.swift */ = {isa = PBXFileReference; lastKnownFileType = sourcecode.swift; path = Then.swift; sourceTree = "<group>"; };
		4EF715BE210F4FA400149EAE /* Presentable.swift */ = {isa = PBXFileReference; lastKnownFileType = sourcecode.swift; path = Presentable.swift; sourceTree = "<group>"; };
		4EF715C1210F658C00149EAE /* AppDelegate.swift */ = {isa = PBXFileReference; fileEncoding = 4; lastKnownFileType = sourcecode.swift; path = AppDelegate.swift; sourceTree = "<group>"; };
		4EF715C9210F67B600149EAE /* SettingsCell.swift */ = {isa = PBXFileReference; lastKnownFileType = sourcecode.swift; path = SettingsCell.swift; sourceTree = "<group>"; };
		4EF715CC210F680600149EAE /* TextInputCell.swift */ = {isa = PBXFileReference; lastKnownFileType = sourcecode.swift; path = TextInputCell.swift; sourceTree = "<group>"; };
		4EF715CF210F6BE300149EAE /* AudioPlayer.swift */ = {isa = PBXFileReference; lastKnownFileType = sourcecode.swift; path = AudioPlayer.swift; sourceTree = "<group>"; };
		4EF715D2210F6CA700149EAE /* AppUserDefaults.swift */ = {isa = PBXFileReference; lastKnownFileType = sourcecode.swift; path = AppUserDefaults.swift; sourceTree = "<group>"; };
/* End PBXFileReference section */

/* Begin PBXFrameworksBuildPhase section */
		4E2C1AE92091A62800754E57 /* Frameworks */ = {
			isa = PBXFrameworksBuildPhase;
			buildActionMask = 2147483647;
			files = (
			);
			runOnlyForDeploymentPostprocessing = 0;
		};
		4E2C1B022091A68200754E57 /* Frameworks */ = {
			isa = PBXFrameworksBuildPhase;
			buildActionMask = 2147483647;
			files = (
				4EF71591210F1CF000149EAE /* Apollo.framework in Frameworks */,
				4EF71590210F1CEA00149EAE /* GRDB.framework in Frameworks */,
				4EF7158F210F1CE600149EAE /* Anchorage.framework in Frameworks */,
			);
			runOnlyForDeploymentPostprocessing = 0;
		};
		4E2C1B0B2091A68200754E57 /* Frameworks */ = {
			isa = PBXFrameworksBuildPhase;
			buildActionMask = 2147483647;
			files = (
				4E2C1B0F2091A68200754E57 /* TRAppProxy.framework in Frameworks */,
			);
			runOnlyForDeploymentPostprocessing = 0;
		};
/* End PBXFrameworksBuildPhase section */

/* Begin PBXGroup section */
		4E2C1AE32091A62800754E57 = {
			isa = PBXGroup;
			children = (
				4E2C1AEE2091A62800754E57 /* TRiOS */,
				4E2C1B072091A68200754E57 /* TRAppProxy */,
				4E2C1B142091A68300754E57 /* TRTests */,
				4E2C1AED2091A62800754E57 /* Products */,
				4EF7158E210F1CE600149EAE /* Frameworks */,
			);
			sourceTree = "<group>";
		};
		4E2C1AED2091A62800754E57 /* Products */ = {
			isa = PBXGroup;
			children = (
				4E2C1AEC2091A62800754E57 /* TRiOS.app */,
				4E2C1B062091A68200754E57 /* TRAppProxy.framework */,
				4E2C1B0E2091A68200754E57 /* TRTests.xctest */,
			);
			name = Products;
			sourceTree = "<group>";
		};
		4E2C1AEE2091A62800754E57 /* TRiOS */ = {
			isa = PBXGroup;
			children = (
				4EDAEC30210F12B8006D8424 /* App */,
				4E62B6722091EBA600EC4EBD /* Services */,
				4E62B6752091EBB700EC4EBD /* Models */,
				4E62B66D2091EB2B00EC4EBD /* Flows */,
				4E407A3B20A4A0AB0084BB0A /* Extensions */,
				4EF71592210F28A900149EAE /* Misc */,
				4E2C1B292091A78D00754E57 /* Views */,
				4E62B69E209317E100EC4EBD /* Protocols */,
				4E803D152091B90700E3B6F2 /* GraphQL */,
				4EF7152A210F1AA800149EAE /* Supporting Files */,
				4E2C1AF62091A62A00754E57 /* Assets.xcassets */,
				4E2C1AFB2091A62A00754E57 /* Info.plist */,
			);
			path = TRiOS;
			sourceTree = "<group>";
		};
		4E2C1B072091A68200754E57 /* TRAppProxy */ = {
			isa = PBXGroup;
			children = (
				4EF7153D210F1C6A00149EAE /* Deps */,
				4E2C1B082091A68200754E57 /* Tarradiddle.h */,
				4E2C1B092091A68200754E57 /* Info.plist */,
			);
			path = TRAppProxy;
			sourceTree = "<group>";
		};
		4E2C1B142091A68300754E57 /* TRTests */ = {
			isa = PBXGroup;
			children = (
				4EF7150A210F15A800149EAE /* Support */,
				4E2C1B172091A68300754E57 /* Info.plist */,
			);
			path = TRTests;
			sourceTree = "<group>";
		};
		4E2C1B292091A78D00754E57 /* Views */ = {
			isa = PBXGroup;
			children = (
				4E674D1C2094C70600906608 /* AudioVisualizationView.swift */,
				4E407A3E20A4AB2D0084BB0A /* SoundWaveView.swift */,
			);
			path = Views;
			sourceTree = "<group>";
		};
		4E2C1B2A2091A79900754E57 /* ViewControllers */ = {
			isa = PBXGroup;
			children = (
			);
			path = ViewControllers;
			sourceTree = "<group>";
		};
		4E407A3B20A4A0AB0084BB0A /* Extensions */ = {
			isa = PBXGroup;
			children = (
				4EDD664820A9DAE20010418F /* UserDefaults.swift */,
				4E407A3C20A4A0B90084BB0A /* CGPoint.swift */,
				4ECCAF8B20AC2951001250F7 /* Bundle.swift */,
			);
			path = Extensions;
			sourceTree = "<group>";
		};
		4E62B63B2091E54F00EC4EBD /* ViewModels */ = {
			isa = PBXGroup;
			children = (
				4E62B6672091E56600EC4EBD /* UserSearchViewModel.swift */,
				4E62B6692091E5A000EC4EBD /* ViewModelType.swift */,
				4EF2090B20948077006B0F0D /* VoiceMessagesViewModel.swift */,
				4EB70CB5209E577300182833 /* ConversationsViewModel.swift */,
				4E407A3920A2D1F30084BB0A /* SettingsViewModel.swift */,
			);
			path = ViewModels;
			sourceTree = "<group>";
		};
		4E62B66D2091EB2B00EC4EBD /* Flows */ = {
			isa = PBXGroup;
			children = (
				4EF715C8210F669D00149EAE /* Settings */,
				4EF715C7210F669700149EAE /* User Search */,
				4EF715C6210F668F00149EAE /* Home */,
				4EF715C5210F668700149EAE /* Authentication */,
				4EF715C4210F667D00149EAE /* Onboarding */,
				4E2C1B2A2091A79900754E57 /* ViewControllers */,
				4E62B63B2091E54F00EC4EBD /* ViewModels */,
			);
			path = Flows;
			sourceTree = "<group>";
		};
		4E62B6722091EBA600EC4EBD /* Services */ = {
			isa = PBXGroup;
			children = (
				4EF7159F210F445300149EAE /* Conversation */,
				4EF71599210F29C900149EAE /* User */,
				4E62B6732091EBB300EC4EBD /* AuthService.swift */,
				4E62B69C2092584A00EC4EBD /* AccountService.swift */,
			);
			path = Services;
			sourceTree = "<group>";
		};
		4E62B6752091EBB700EC4EBD /* Models */ = {
			isa = PBXGroup;
			children = (
				4E62B6A320931ED900EC4EBD /* User.swift */,
				4EF2090320947090006B0F0D /* Friendship.swift */,
				4EF209052094709B006B0F0D /* Conversation.swift */,
				4EF20907209470A5006B0F0D /* VoiceMessage.swift */,
			);
			path = Models;
			sourceTree = "<group>";
		};
		4E62B69E209317E100EC4EBD /* Protocols */ = {
			isa = PBXGroup;
			children = (
				4E62B66E2091EB3C00EC4EBD /* Coordinating.swift */,
				4E62B69F209317F100EC4EBD /* Bindable.swift */,
				4EF715BB210F4F8F00149EAE /* Then.swift */,
				4EF715BE210F4FA400149EAE /* Presentable.swift */,
			);
			path = Protocols;
			sourceTree = "<group>";
		};
		4E803D152091B90700E3B6F2 /* GraphQL */ = {
			isa = PBXGroup;
			children = (
				4E803D1B2091CBA500E3B6F2 /* Authed */,
				4E803D1A2091CB9900E3B6F2 /* Anon */,
			);
			path = GraphQL;
			sourceTree = "<group>";
		};
		4E803D1A2091CB9900E3B6F2 /* Anon */ = {
			isa = PBXGroup;
			children = (
				4E803D1E2091CCA800E3B6F2 /* AnonAPI.swift */,
				4E803D162091CB6D00E3B6F2 /* anon_schema.json */,
				4E803D1C2091CBEF00E3B6F2 /* CreateUser.graphql */,
			);
			path = Anon;
			sourceTree = "<group>";
		};
		4E803D1B2091CBA500E3B6F2 /* Authed */ = {
			isa = PBXGroup;
			children = (
				4E803D242091DAE100E3B6F2 /* API.swift */,
				4E803D172091CB6D00E3B6F2 /* schema.json */,
				4E803D212091D95D00E3B6F2 /* SearchUsers.graphql */,
			);
			path = Authed;
			sourceTree = "<group>";
		};
		4EDAEC30210F12B8006D8424 /* App */ = {
			isa = PBXGroup;
			children = (
				4EDD661520A9DACF0010418F /* Preferences */,
				4EF715C1210F658C00149EAE /* AppDelegate.swift */,
				4E62B6762091EBC600EC4EBD /* AppAccount.swift */,
				4E62B6792091EBEB00EC4EBD /* AppDatabase.swift */,
				4E62B6702091EB7900EC4EBD /* AppCoordinator.swift */,
				4E3FD77620AB34E3005E34A1 /* SupportDatabase.swift */,
				4EF715D2210F6CA700149EAE /* AppUserDefaults.swift */,
			);
			path = App;
			sourceTree = "<group>";
		};
		4EDD661520A9DACF0010418F /* Preferences */ = {
			isa = PBXGroup;
			children = (
				4EDD664A20A9E0A00010418F /* Cloud.swift */,
			);
			path = Preferences;
			sourceTree = "<group>";
		};
		4EF7150A210F15A800149EAE /* Support */ = {
			isa = PBXGroup;
			children = (
			);
			path = Support;
			sourceTree = "<group>";
		};
		4EF7152A210F1AA800149EAE /* Supporting Files */ = {
			isa = PBXGroup;
			children = (
				4E2C1AF82091A62A00754E57 /* LaunchScreen.storyboard */,
			);
			path = "Supporting Files";
			sourceTree = "<group>";
		};
		4EF7153D210F1C6A00149EAE /* Deps */ = {
			isa = PBXGroup;
			children = (
				4EF71572210F1C9D00149EAE /* GRDB.xcodeproj */,
				4EF71557210F1C8100149EAE /* Apollo.xcodeproj */,
				4EF7153E210F1C7600149EAE /* Anchorage.xcodeproj */,
			);
			name = Deps;
			sourceTree = "<group>";
		};
		4EF7153F210F1C7600149EAE /* Products */ = {
			isa = PBXGroup;
			children = (
				4EF7154A210F1C7600149EAE /* AnchorageDemo.app */,
				4EF7154C210F1C7600149EAE /* Anchorage.framework */,
				4EF7154E210F1C7600149EAE /* AnchorageTests-iOS.xctest */,
				4EF71550210F1C7600149EAE /* Anchorage.framework */,
				4EF71552210F1C7600149EAE /* AnchorageTests-macOS.xctest */,
				4EF71554210F1C7600149EAE /* Anchorage.framework */,
				4EF71556210F1C7600149EAE /* Anchorage-tvOSTests.xctest */,
			);
			name = Products;
			sourceTree = "<group>";
		};
		4EF71558210F1C8100149EAE /* Products */ = {
			isa = PBXGroup;
			children = (
				4EF71563210F1C8100149EAE /* Apollo.framework */,
				4EF71565210F1C8100149EAE /* ApolloTests.xctest */,
				4EF71567210F1C8100149EAE /* ApolloCacheDependentTests.xctest */,
				4EF71569210F1C8100149EAE /* ApolloPerformanceTests.xctest */,
				4EF7156B210F1C8100149EAE /* StarWarsAPI.framework */,
				4EF7156D210F1C8100149EAE /* GitHubAPI.framework */,
				4EF7156F210F1C8100149EAE /* TestHost iOS.app */,
				4EF71571210F1C8100149EAE /* ApolloTestSupport.framework */,
			);
			name = Products;
			sourceTree = "<group>";
		};
		4EF71573210F1C9D00149EAE /* Products */ = {
			isa = PBXGroup;
			children = (
				4EF7157F210F1C9E00149EAE /* GRDB.framework */,
				4EF71581210F1C9E00149EAE /* GRDBOSXTests.xctest */,
				4EF71583210F1C9E00149EAE /* GRDBOSXPerformanceTests.xctest */,
				4EF71585210F1C9E00149EAE /* GRDBOSXPerformanceComparisonTests.xctest */,
				4EF71587210F1C9E00149EAE /* GRDBOSXCrashTests.xctest */,
				4EF71589210F1C9E00149EAE /* GRDB.framework */,
				4EF7158B210F1C9E00149EAE /* GRDBiOSTests.xctest */,
				4EF7158D210F1C9E00149EAE /* GRDB.framework */,
			);
			name = Products;
			sourceTree = "<group>";
		};
		4EF7158E210F1CE600149EAE /* Frameworks */ = {
			isa = PBXGroup;
			children = (
			);
			name = Frameworks;
			sourceTree = "<group>";
		};
		4EF71592210F28A900149EAE /* Misc */ = {
			isa = PBXGroup;
			children = (
				4EF208FB2094568D006B0F0D /* AudioRecorder.swift */,
				4EF715CF210F6BE300149EAE /* AudioPlayer.swift */,
				4ECCAF5420AC1E1E001250F7 /* Logger.swift */,
				4EF71593210F28C700149EAE /* Result.swift */,
				4EF71596210F28E900149EAE /* Box.swift */,
				4EF715B8210F4F6C00149EAE /* Router.swift */,
			);
			path = Misc;
			sourceTree = "<group>";
		};
		4EF71599210F29C900149EAE /* User */ = {
			isa = PBXGroup;
			children = (
				4E62B6A120931E3000EC4EBD /* LocalUserService.swift */,
				4EF7159B210F29E300149EAE /* LocalUserServiceSpec.swift */,
				4EF7159D210F2B9300149EAE /* LocalUserServicePerformanceTest.swift */,
			);
			path = User;
			sourceTree = "<group>";
		};
		4EF7159F210F445300149EAE /* Conversation */ = {
			isa = PBXGroup;
			children = (
				4EF2090920947362006B0F0D /* LocalConversationService.swift */,
			);
			path = Conversation;
			sourceTree = "<group>";
		};
		4EF715C4210F667D00149EAE /* Onboarding */ = {
			isa = PBXGroup;
			children = (
			);
			path = Onboarding;
			sourceTree = "<group>";
		};
		4EF715C5210F668700149EAE /* Authentication */ = {
			isa = PBXGroup;
			children = (
				4E62B67B2091EC4E00EC4EBD /* AuthCoordinator.swift */,
			);
			path = Authentication;
			sourceTree = "<group>";
		};
		4EF715C6210F668F00149EAE /* Home */ = {
			isa = PBXGroup;
			children = (
				4EF208FF20946705006B0F0D /* ConversationsViewController.swift */,
				4EF2090120946780006B0F0D /* MessagingViewController.swift */,
				4EF208FD209466ED006B0F0D /* SoundWavesViewController.swift */,
				4EB70C79209E56B700182833 /* ConversationCell.swift */,
				4EB70CB7209EF4A400182833 /* VoiceMessageCell.swift */,
			);
			path = Home;
			sourceTree = "<group>";
		};
		4EF715C7210F669700149EAE /* User Search */ = {
			isa = PBXGroup;
			children = (
				4E62B66B2091E65B00EC4EBD /* UsersViewController.swift */,
			);
			path = "User Search";
			sourceTree = "<group>";
		};
		4EF715C8210F669D00149EAE /* Settings */ = {
			isa = PBXGroup;
			children = (
				4EF715C9210F67B600149EAE /* SettingsCell.swift */,
				4EF715CC210F680600149EAE /* TextInputCell.swift */,
			);
			path = Settings;
			sourceTree = "<group>";
		};
/* End PBXGroup section */

/* Begin PBXHeadersBuildPhase section */
		4E2C1B032091A68200754E57 /* Headers */ = {
			isa = PBXHeadersBuildPhase;
			buildActionMask = 2147483647;
			files = (
				4E2C1B182091A68300754E57 /* Tarradiddle.h in Headers */,
			);
			runOnlyForDeploymentPostprocessing = 0;
		};
/* End PBXHeadersBuildPhase section */

/* Begin PBXNativeTarget section */
		4E2C1AEB2091A62800754E57 /* TRiOS */ = {
			isa = PBXNativeTarget;
			buildConfigurationList = 4E2C1AFE2091A62A00754E57 /* Build configuration list for PBXNativeTarget "TRiOS" */;
			buildPhases = (
				4E2C1AE82091A62800754E57 /* Sources */,
				4E2C1AE92091A62800754E57 /* Frameworks */,
				4E2C1AEA2091A62800754E57 /* Resources */,
			);
			buildRules = (
			);
			dependencies = (
			);
			name = TRiOS;
			productName = "Tarradiddle-iOS";
			productReference = 4E2C1AEC2091A62800754E57 /* TRiOS.app */;
			productType = "com.apple.product-type.application";
		};
		4E2C1B052091A68200754E57 /* TRAppProxy */ = {
			isa = PBXNativeTarget;
			buildConfigurationList = 4E2C1B1D2091A68300754E57 /* Build configuration list for PBXNativeTarget "TRAppProxy" */;
			buildPhases = (
				4E2C1B242091A6A700754E57 /* SwiftLint */,
				4E2C1B012091A68200754E57 /* Sources */,
				4E2C1B022091A68200754E57 /* Frameworks */,
				4E2C1B032091A68200754E57 /* Headers */,
				4E2C1B042091A68200754E57 /* Resources */,
			);
			buildRules = (
			);
			dependencies = (
			);
			name = TRAppProxy;
			productName = Tarradiddle;
			productReference = 4E2C1B062091A68200754E57 /* TRAppProxy.framework */;
			productType = "com.apple.product-type.framework";
		};
		4E2C1B0D2091A68200754E57 /* TRTests */ = {
			isa = PBXNativeTarget;
			buildConfigurationList = 4E2C1B212091A68300754E57 /* Build configuration list for PBXNativeTarget "TRTests" */;
			buildPhases = (
				4E2C1B0A2091A68200754E57 /* Sources */,
				4E2C1B0B2091A68200754E57 /* Frameworks */,
				4E2C1B0C2091A68200754E57 /* Resources */,
			);
			buildRules = (
			);
			dependencies = (
				4E2C1B112091A68200754E57 /* PBXTargetDependency */,
			);
			name = TRTests;
			productName = TarradiddleTests;
			productReference = 4E2C1B0E2091A68200754E57 /* TRTests.xctest */;
			productType = "com.apple.product-type.bundle.unit-test";
		};
/* End PBXNativeTarget section */

/* Begin PBXProject section */
		4E2C1AE42091A62800754E57 /* Project object */ = {
			isa = PBXProject;
			attributes = {
				LastSwiftUpdateCheck = 0930;
				LastUpgradeCheck = 0930;
				ORGANIZATIONNAME = "noose&needle";
				TargetAttributes = {
					4E2C1AEB2091A62800754E57 = {
						CreatedOnToolsVersion = 9.3;
					};
					4E2C1B052091A68200754E57 = {
						CreatedOnToolsVersion = 9.3;
					};
					4E2C1B0D2091A68200754E57 = {
						CreatedOnToolsVersion = 9.3;
						LastSwiftMigration = 0940;
					};
				};
			};
			buildConfigurationList = 4E2C1AE72091A62800754E57 /* Build configuration list for PBXProject "Tarradiddle" */;
			compatibilityVersion = "Xcode 9.3";
			developmentRegion = en;
			hasScannedForEncodings = 0;
			knownRegions = (
				en,
				Base,
			);
			mainGroup = 4E2C1AE32091A62800754E57;
			productRefGroup = 4E2C1AED2091A62800754E57 /* Products */;
			projectDirPath = "";
			projectReferences = (
				{
					ProductGroup = 4EF7153F210F1C7600149EAE /* Products */;
					ProjectRef = 4EF7153E210F1C7600149EAE /* Anchorage.xcodeproj */;
				},
				{
					ProductGroup = 4EF71558210F1C8100149EAE /* Products */;
					ProjectRef = 4EF71557210F1C8100149EAE /* Apollo.xcodeproj */;
				},
				{
					ProductGroup = 4EF71573210F1C9D00149EAE /* Products */;
					ProjectRef = 4EF71572210F1C9D00149EAE /* GRDB.xcodeproj */;
				},
			);
			projectRoot = "";
			targets = (
				4E2C1AEB2091A62800754E57 /* TRiOS */,
				4E2C1B052091A68200754E57 /* TRAppProxy */,
				4E2C1B0D2091A68200754E57 /* TRTests */,
			);
		};
/* End PBXProject section */

/* Begin PBXReferenceProxy section */
		4EF7154A210F1C7600149EAE /* AnchorageDemo.app */ = {
			isa = PBXReferenceProxy;
			fileType = wrapper.application;
			path = AnchorageDemo.app;
			remoteRef = 4EF71549210F1C7600149EAE /* PBXContainerItemProxy */;
			sourceTree = BUILT_PRODUCTS_DIR;
		};
		4EF7154C210F1C7600149EAE /* Anchorage.framework */ = {
			isa = PBXReferenceProxy;
			fileType = wrapper.framework;
			path = Anchorage.framework;
			remoteRef = 4EF7154B210F1C7600149EAE /* PBXContainerItemProxy */;
			sourceTree = BUILT_PRODUCTS_DIR;
		};
		4EF7154E210F1C7600149EAE /* AnchorageTests-iOS.xctest */ = {
			isa = PBXReferenceProxy;
			fileType = wrapper.cfbundle;
			path = "AnchorageTests-iOS.xctest";
			remoteRef = 4EF7154D210F1C7600149EAE /* PBXContainerItemProxy */;
			sourceTree = BUILT_PRODUCTS_DIR;
		};
		4EF71550210F1C7600149EAE /* Anchorage.framework */ = {
			isa = PBXReferenceProxy;
			fileType = wrapper.framework;
			path = Anchorage.framework;
			remoteRef = 4EF7154F210F1C7600149EAE /* PBXContainerItemProxy */;
			sourceTree = BUILT_PRODUCTS_DIR;
		};
		4EF71552210F1C7600149EAE /* AnchorageTests-macOS.xctest */ = {
			isa = PBXReferenceProxy;
			fileType = wrapper.cfbundle;
			path = "AnchorageTests-macOS.xctest";
			remoteRef = 4EF71551210F1C7600149EAE /* PBXContainerItemProxy */;
			sourceTree = BUILT_PRODUCTS_DIR;
		};
		4EF71554210F1C7600149EAE /* Anchorage.framework */ = {
			isa = PBXReferenceProxy;
			fileType = wrapper.framework;
			path = Anchorage.framework;
			remoteRef = 4EF71553210F1C7600149EAE /* PBXContainerItemProxy */;
			sourceTree = BUILT_PRODUCTS_DIR;
		};
		4EF71556210F1C7600149EAE /* Anchorage-tvOSTests.xctest */ = {
			isa = PBXReferenceProxy;
			fileType = wrapper.cfbundle;
			path = "Anchorage-tvOSTests.xctest";
			remoteRef = 4EF71555210F1C7600149EAE /* PBXContainerItemProxy */;
			sourceTree = BUILT_PRODUCTS_DIR;
		};
		4EF71563210F1C8100149EAE /* Apollo.framework */ = {
			isa = PBXReferenceProxy;
			fileType = wrapper.framework;
			path = Apollo.framework;
			remoteRef = 4EF71562210F1C8100149EAE /* PBXContainerItemProxy */;
			sourceTree = BUILT_PRODUCTS_DIR;
		};
		4EF71565210F1C8100149EAE /* ApolloTests.xctest */ = {
			isa = PBXReferenceProxy;
			fileType = wrapper.cfbundle;
			path = ApolloTests.xctest;
			remoteRef = 4EF71564210F1C8100149EAE /* PBXContainerItemProxy */;
			sourceTree = BUILT_PRODUCTS_DIR;
		};
		4EF71567210F1C8100149EAE /* ApolloCacheDependentTests.xctest */ = {
			isa = PBXReferenceProxy;
			fileType = wrapper.cfbundle;
			path = ApolloCacheDependentTests.xctest;
			remoteRef = 4EF71566210F1C8100149EAE /* PBXContainerItemProxy */;
			sourceTree = BUILT_PRODUCTS_DIR;
		};
		4EF71569210F1C8100149EAE /* ApolloPerformanceTests.xctest */ = {
			isa = PBXReferenceProxy;
			fileType = wrapper.cfbundle;
			path = ApolloPerformanceTests.xctest;
			remoteRef = 4EF71568210F1C8100149EAE /* PBXContainerItemProxy */;
			sourceTree = BUILT_PRODUCTS_DIR;
		};
		4EF7156B210F1C8100149EAE /* StarWarsAPI.framework */ = {
			isa = PBXReferenceProxy;
			fileType = wrapper.framework;
			path = StarWarsAPI.framework;
			remoteRef = 4EF7156A210F1C8100149EAE /* PBXContainerItemProxy */;
			sourceTree = BUILT_PRODUCTS_DIR;
		};
		4EF7156D210F1C8100149EAE /* GitHubAPI.framework */ = {
			isa = PBXReferenceProxy;
			fileType = wrapper.framework;
			path = GitHubAPI.framework;
			remoteRef = 4EF7156C210F1C8100149EAE /* PBXContainerItemProxy */;
			sourceTree = BUILT_PRODUCTS_DIR;
		};
		4EF7156F210F1C8100149EAE /* TestHost iOS.app */ = {
			isa = PBXReferenceProxy;
			fileType = wrapper.application;
			path = "TestHost iOS.app";
			remoteRef = 4EF7156E210F1C8100149EAE /* PBXContainerItemProxy */;
			sourceTree = BUILT_PRODUCTS_DIR;
		};
		4EF71571210F1C8100149EAE /* ApolloTestSupport.framework */ = {
			isa = PBXReferenceProxy;
			fileType = wrapper.framework;
			path = ApolloTestSupport.framework;
			remoteRef = 4EF71570210F1C8100149EAE /* PBXContainerItemProxy */;
			sourceTree = BUILT_PRODUCTS_DIR;
		};
		4EF7157F210F1C9E00149EAE /* GRDB.framework */ = {
			isa = PBXReferenceProxy;
			fileType = wrapper.framework;
			path = GRDB.framework;
			remoteRef = 4EF7157E210F1C9E00149EAE /* PBXContainerItemProxy */;
			sourceTree = BUILT_PRODUCTS_DIR;
		};
		4EF71581210F1C9E00149EAE /* GRDBOSXTests.xctest */ = {
			isa = PBXReferenceProxy;
			fileType = wrapper.cfbundle;
			path = GRDBOSXTests.xctest;
			remoteRef = 4EF71580210F1C9E00149EAE /* PBXContainerItemProxy */;
			sourceTree = BUILT_PRODUCTS_DIR;
		};
		4EF71583210F1C9E00149EAE /* GRDBOSXPerformanceTests.xctest */ = {
			isa = PBXReferenceProxy;
			fileType = wrapper.cfbundle;
			path = GRDBOSXPerformanceTests.xctest;
			remoteRef = 4EF71582210F1C9E00149EAE /* PBXContainerItemProxy */;
			sourceTree = BUILT_PRODUCTS_DIR;
		};
		4EF71585210F1C9E00149EAE /* GRDBOSXPerformanceComparisonTests.xctest */ = {
			isa = PBXReferenceProxy;
			fileType = wrapper.cfbundle;
			path = GRDBOSXPerformanceComparisonTests.xctest;
			remoteRef = 4EF71584210F1C9E00149EAE /* PBXContainerItemProxy */;
			sourceTree = BUILT_PRODUCTS_DIR;
		};
		4EF71587210F1C9E00149EAE /* GRDBOSXCrashTests.xctest */ = {
			isa = PBXReferenceProxy;
			fileType = wrapper.cfbundle;
			path = GRDBOSXCrashTests.xctest;
			remoteRef = 4EF71586210F1C9E00149EAE /* PBXContainerItemProxy */;
			sourceTree = BUILT_PRODUCTS_DIR;
		};
		4EF71589210F1C9E00149EAE /* GRDB.framework */ = {
			isa = PBXReferenceProxy;
			fileType = wrapper.framework;
			path = GRDB.framework;
			remoteRef = 4EF71588210F1C9E00149EAE /* PBXContainerItemProxy */;
			sourceTree = BUILT_PRODUCTS_DIR;
		};
		4EF7158B210F1C9E00149EAE /* GRDBiOSTests.xctest */ = {
			isa = PBXReferenceProxy;
			fileType = wrapper.cfbundle;
			path = GRDBiOSTests.xctest;
			remoteRef = 4EF7158A210F1C9E00149EAE /* PBXContainerItemProxy */;
			sourceTree = BUILT_PRODUCTS_DIR;
		};
		4EF7158D210F1C9E00149EAE /* GRDB.framework */ = {
			isa = PBXReferenceProxy;
			fileType = wrapper.framework;
			path = GRDB.framework;
			remoteRef = 4EF7158C210F1C9E00149EAE /* PBXContainerItemProxy */;
			sourceTree = BUILT_PRODUCTS_DIR;
		};
/* End PBXReferenceProxy section */

/* Begin PBXResourcesBuildPhase section */
		4E2C1AEA2091A62800754E57 /* Resources */ = {
			isa = PBXResourcesBuildPhase;
			buildActionMask = 2147483647;
			files = (
				4E2C1AF72091A62A00754E57 /* Assets.xcassets in Resources */,
				4E976878209F10BF004122B3 /* LaunchScreen.storyboard in Resources */,
			);
			runOnlyForDeploymentPostprocessing = 0;
		};
		4E2C1B042091A68200754E57 /* Resources */ = {
			isa = PBXResourcesBuildPhase;
			buildActionMask = 2147483647;
			files = (
				4E2C1B262091A74300754E57 /* Assets.xcassets in Resources */,
			);
			runOnlyForDeploymentPostprocessing = 0;
		};
		4E2C1B0C2091A68200754E57 /* Resources */ = {
			isa = PBXResourcesBuildPhase;
			buildActionMask = 2147483647;
			files = (
			);
			runOnlyForDeploymentPostprocessing = 0;
		};
/* End PBXResourcesBuildPhase section */

/* Begin PBXShellScriptBuildPhase section */
		4E2C1B242091A6A700754E57 /* SwiftLint */ = {
			isa = PBXShellScriptBuildPhase;
			buildActionMask = 2147483647;
			files = (
			);
			inputPaths = (
			);
			name = SwiftLint;
			outputPaths = (
			);
			runOnlyForDeploymentPostprocessing = 0;
			shellPath = /bin/sh;
			shellScript = "if which swiftlint >/dev/null; then\n  swiftlint\nelse\n  echo \"warning: SwiftLint not installed, download from https://github.com/realm/SwiftLint\"\nfi";
		};
/* End PBXShellScriptBuildPhase section */

/* Begin PBXSourcesBuildPhase section */
		4E2C1AE82091A62800754E57 /* Sources */ = {
			isa = PBXSourcesBuildPhase;
			buildActionMask = 2147483647;
			files = (
				4EF71516210F1A3800149EAE /* User.swift in Sources */,
				4EF7151C210F1A7B00149EAE /* API.swift in Sources */,
				4EF715D0210F6BE300149EAE /* AudioPlayer.swift in Sources */,
				4EF71594210F28C800149EAE /* Result.swift in Sources */,
				4EF71529210F1A9F00149EAE /* AudioVisualizationView.swift in Sources */,
				4EF71539210F1B2F00149EAE /* SoundWavesViewController.swift in Sources */,
				4EF71512210F1A2D00149EAE /* AudioRecorder.swift in Sources */,
				4EF715CA210F67B600149EAE /* SettingsCell.swift in Sources */,
				4EF71597210F28E900149EAE /* Box.swift in Sources */,
				4EF71514210F1A3100149EAE /* Logger.swift in Sources */,
				4EF71538210F1B2D00149EAE /* UsersViewController.swift in Sources */,
				4EF71518210F1A3C00149EAE /* Conversation.swift in Sources */,
				4EF7152E210F1ACD00149EAE /* UserDefaults.swift in Sources */,
				4EF7151B210F1A7400149EAE /* Coordinating.swift in Sources */,
				4EF7152C210F1AC600149EAE /* VoiceMessageCell.swift in Sources */,
				4EF7153B210F1B3500149EAE /* MessagingViewController.swift in Sources */,
				4EF71517210F1A3B00149EAE /* Friendship.swift in Sources */,
				4EF7150E210F19D800149EAE /* Cloud.swift in Sources */,
				4EF715D3210F6CA700149EAE /* AppUserDefaults.swift in Sources */,
				4EF7152B210F1AC300149EAE /* SoundWaveView.swift in Sources */,
				4EF7151A210F1A6F00149EAE /* Bindable.swift in Sources */,
				4EF7153A210F1B3100149EAE /* ConversationsViewController.swift in Sources */,
				4EF71509210F151700149EAE /* AppCoordinator.swift in Sources */,
				4EF71507210F14CD00149EAE /* AppDatabase.swift in Sources */,
				4EF71519210F1A3E00149EAE /* VoiceMessage.swift in Sources */,
				4EF71533210F1B0D00149EAE /* SettingsViewModel.swift in Sources */,
				4EF71515210F1A3600149EAE /* AppAccount.swift in Sources */,
				4EF71513210F1A2F00149EAE /* LocalConversationService.swift in Sources */,
				4EF71532210F1B0800149EAE /* AuthCoordinator.swift in Sources */,
				4EF7150F210F1A1B00149EAE /* AuthService.swift in Sources */,
				4EF715BC210F4F8F00149EAE /* Then.swift in Sources */,
				4EF71534210F1B0F00149EAE /* ConversationsViewModel.swift in Sources */,
				4EF71530210F1AD100149EAE /* Bundle.swift in Sources */,
				4EF715CD210F680600149EAE /* TextInputCell.swift in Sources */,
				4EF71511210F1A2A00149EAE /* LocalUserService.swift in Sources */,
				4EF715C2210F658D00149EAE /* AppDelegate.swift in Sources */,
				4EF7152F210F1ACF00149EAE /* CGPoint.swift in Sources */,
				4EF71510210F1A2800149EAE /* AccountService.swift in Sources */,
				4EF715B9210F4F6C00149EAE /* Router.swift in Sources */,
				4EF71537210F1B1C00149EAE /* UserSearchViewModel.swift in Sources */,
				4EF7152D210F1AC800149EAE /* ConversationCell.swift in Sources */,
				4EF71508210F14DB00149EAE /* SupportDatabase.swift in Sources */,
				4EF71536210F1B1800149EAE /* ViewModelType.swift in Sources */,
				4EF71523210F1A8600149EAE /* AnonAPI.swift in Sources */,
				4EF71535210F1B1100149EAE /* VoiceMessagesViewModel.swift in Sources */,
				4EF715BF210F4FA400149EAE /* Presentable.swift in Sources */,
			);
			runOnlyForDeploymentPostprocessing = 0;
		};
		4E2C1B012091A68200754E57 /* Sources */ = {
			isa = PBXSourcesBuildPhase;
			buildActionMask = 2147483647;
			files = (
				4EF209062094709B006B0F0D /* Conversation.swift in Sources */,
				4E674D1D2094C70600906608 /* AudioVisualizationView.swift in Sources */,
				4EF715D1210F6BE300149EAE /* AudioPlayer.swift in Sources */,
				4EF7150C210F19D100149EAE /* AppCoordinator.swift in Sources */,
				4EF20908209470A5006B0F0D /* VoiceMessage.swift in Sources */,
				4ECCAF8C20AC2951001250F7 /* Bundle.swift in Sources */,
				4EB70C7A209E56B700182833 /* ConversationCell.swift in Sources */,
				4EF715CB210F67B600149EAE /* SettingsCell.swift in Sources */,
				4E62B6682091E56600EC4EBD /* UserSearchViewModel.swift in Sources */,
				4E407A3F20A4AB2D0084BB0A /* SoundWaveView.swift in Sources */,
				4E407A3A20A2D1F30084BB0A /* SettingsViewModel.swift in Sources */,
				4EF71595210F28C800149EAE /* Result.swift in Sources */,
				4EF208FC2094568D006B0F0D /* AudioRecorder.swift in Sources */,
				4E62B66A2091E5A000EC4EBD /* ViewModelType.swift in Sources */,
				4EF2090C20948077006B0F0D /* VoiceMessagesViewModel.swift in Sources */,
				4EF2090020946705006B0F0D /* ConversationsViewController.swift in Sources */,
				4E62B6A0209317F100EC4EBD /* Bindable.swift in Sources */,
				4E62B66F2091EB3C00EC4EBD /* Coordinating.swift in Sources */,
				4EF715D4210F6CA700149EAE /* AppUserDefaults.swift in Sources */,
				4EF7150D210F19D300149EAE /* SupportDatabase.swift in Sources */,
				4EDD664920A9DAE20010418F /* UserDefaults.swift in Sources */,
				4EF715C3210F658D00149EAE /* AppDelegate.swift in Sources */,
				4E62B6A420931ED900EC4EBD /* User.swift in Sources */,
				4E62B67C2091EC4E00EC4EBD /* AuthCoordinator.swift in Sources */,
				4EF2090A20947362006B0F0D /* LocalConversationService.swift in Sources */,
				4EF71598210F28E900149EAE /* Box.swift in Sources */,
				4EF71524210F1A8600149EAE /* AnonAPI.swift in Sources */,
				4EF715C0210F4FA400149EAE /* Presentable.swift in Sources */,
				4EF2090420947090006B0F0D /* Friendship.swift in Sources */,
				4E62B6772091EBC600EC4EBD /* AppAccount.swift in Sources */,
				4EF715BA210F4F6C00149EAE /* Router.swift in Sources */,
				4EB70CB6209E577300182833 /* ConversationsViewModel.swift in Sources */,
				4EF208FE209466ED006B0F0D /* SoundWavesViewController.swift in Sources */,
				4EF715CE210F680600149EAE /* TextInputCell.swift in Sources */,
				4EF715BD210F4F8F00149EAE /* Then.swift in Sources */,
				4EF2090220946780006B0F0D /* MessagingViewController.swift in Sources */,
				4E62B66C2091E65B00EC4EBD /* UsersViewController.swift in Sources */,
				4EDD664B20A9E0A00010418F /* Cloud.swift in Sources */,
				4E62B6A220931E3000EC4EBD /* LocalUserService.swift in Sources */,
				4EF7150B210F19CB00149EAE /* AppDatabase.swift in Sources */,
				4E62B69D2092584A00EC4EBD /* AccountService.swift in Sources */,
				4ECCAF5520AC1E1E001250F7 /* Logger.swift in Sources */,
				4E407A3D20A4A0B90084BB0A /* CGPoint.swift in Sources */,
				4E62B6742091EBB300EC4EBD /* AuthService.swift in Sources */,
				4EF7151D210F1A7B00149EAE /* API.swift in Sources */,
				4EB70CB8209EF4A400182833 /* VoiceMessageCell.swift in Sources */,
			);
			runOnlyForDeploymentPostprocessing = 0;
		};
		4E2C1B0A2091A68200754E57 /* Sources */ = {
			isa = PBXSourcesBuildPhase;
			buildActionMask = 2147483647;
			files = (
				4EF7159C210F29E300149EAE /* LocalUserServiceSpec.swift in Sources */,
				4EF7159E210F2B9300149EAE /* LocalUserServicePerformanceTest.swift in Sources */,
			);
			runOnlyForDeploymentPostprocessing = 0;
		};
/* End PBXSourcesBuildPhase section */

/* Begin PBXTargetDependency section */
		4E2C1B112091A68200754E57 /* PBXTargetDependency */ = {
			isa = PBXTargetDependency;
			target = 4E2C1B052091A68200754E57 /* TRAppProxy */;
			targetProxy = 4E2C1B102091A68200754E57 /* PBXContainerItemProxy */;
		};
/* End PBXTargetDependency section */

/* Begin PBXVariantGroup section */
		4E2C1AF82091A62A00754E57 /* LaunchScreen.storyboard */ = {
			isa = PBXVariantGroup;
			children = (
				4E2C1AF92091A62A00754E57 /* Base */,
			);
			name = LaunchScreen.storyboard;
			sourceTree = "<group>";
		};
/* End PBXVariantGroup section */

/* Begin XCBuildConfiguration section */
		4E2C1AFC2091A62A00754E57 /* Debug */ = {
			isa = XCBuildConfiguration;
			buildSettings = {
				ALWAYS_SEARCH_USER_PATHS = NO;
				CLANG_ANALYZER_NONNULL = YES;
				CLANG_ANALYZER_NUMBER_OBJECT_CONVERSION = YES_AGGRESSIVE;
				CLANG_CXX_LANGUAGE_STANDARD = "gnu++14";
				CLANG_CXX_LIBRARY = "libc++";
				CLANG_ENABLE_MODULES = YES;
				CLANG_ENABLE_OBJC_ARC = YES;
				CLANG_ENABLE_OBJC_WEAK = YES;
				CLANG_WARN_BLOCK_CAPTURE_AUTORELEASING = YES;
				CLANG_WARN_BOOL_CONVERSION = YES;
				CLANG_WARN_COMMA = YES;
				CLANG_WARN_CONSTANT_CONVERSION = YES;
				CLANG_WARN_DEPRECATED_OBJC_IMPLEMENTATIONS = YES;
				CLANG_WARN_DIRECT_OBJC_ISA_USAGE = YES_ERROR;
				CLANG_WARN_DOCUMENTATION_COMMENTS = YES;
				CLANG_WARN_EMPTY_BODY = YES;
				CLANG_WARN_ENUM_CONVERSION = YES;
				CLANG_WARN_INFINITE_RECURSION = YES;
				CLANG_WARN_INT_CONVERSION = YES;
				CLANG_WARN_NON_LITERAL_NULL_CONVERSION = YES;
				CLANG_WARN_OBJC_IMPLICIT_RETAIN_SELF = YES;
				CLANG_WARN_OBJC_LITERAL_CONVERSION = YES;
				CLANG_WARN_OBJC_ROOT_CLASS = YES_ERROR;
				CLANG_WARN_RANGE_LOOP_ANALYSIS = YES;
				CLANG_WARN_STRICT_PROTOTYPES = YES;
				CLANG_WARN_SUSPICIOUS_MOVE = YES;
				CLANG_WARN_UNGUARDED_AVAILABILITY = YES_AGGRESSIVE;
				CLANG_WARN_UNREACHABLE_CODE = YES;
				CLANG_WARN__DUPLICATE_METHOD_MATCH = YES;
				CODE_SIGN_IDENTITY = "iPhone Developer";
				COPY_PHASE_STRIP = NO;
				DEBUG_INFORMATION_FORMAT = dwarf;
				ENABLE_STRICT_OBJC_MSGSEND = YES;
				ENABLE_TESTABILITY = YES;
				GCC_C_LANGUAGE_STANDARD = gnu11;
				GCC_DYNAMIC_NO_PIC = NO;
				GCC_NO_COMMON_BLOCKS = YES;
				GCC_OPTIMIZATION_LEVEL = 0;
				GCC_PREPROCESSOR_DEFINITIONS = (
					"DEBUG=1",
					"$(inherited)",
				);
				GCC_WARN_64_TO_32_BIT_CONVERSION = YES;
				GCC_WARN_ABOUT_RETURN_TYPE = YES_ERROR;
				GCC_WARN_UNDECLARED_SELECTOR = YES;
				GCC_WARN_UNINITIALIZED_AUTOS = YES_AGGRESSIVE;
				GCC_WARN_UNUSED_FUNCTION = YES;
				GCC_WARN_UNUSED_VARIABLE = YES;
				IPHONEOS_DEPLOYMENT_TARGET = 9.0;
				MTL_ENABLE_DEBUG_INFO = YES;
				ONLY_ACTIVE_ARCH = YES;
				SDKROOT = iphoneos;
				SWIFT_ACTIVE_COMPILATION_CONDITIONS = DEBUG;
				SWIFT_OPTIMIZATION_LEVEL = "-Onone";
			};
			name = Debug;
		};
		4E2C1AFD2091A62A00754E57 /* Release */ = {
			isa = XCBuildConfiguration;
			buildSettings = {
				ALWAYS_SEARCH_USER_PATHS = NO;
				CLANG_ANALYZER_NONNULL = YES;
				CLANG_ANALYZER_NUMBER_OBJECT_CONVERSION = YES_AGGRESSIVE;
				CLANG_CXX_LANGUAGE_STANDARD = "gnu++14";
				CLANG_CXX_LIBRARY = "libc++";
				CLANG_ENABLE_MODULES = YES;
				CLANG_ENABLE_OBJC_ARC = YES;
				CLANG_ENABLE_OBJC_WEAK = YES;
				CLANG_WARN_BLOCK_CAPTURE_AUTORELEASING = YES;
				CLANG_WARN_BOOL_CONVERSION = YES;
				CLANG_WARN_COMMA = YES;
				CLANG_WARN_CONSTANT_CONVERSION = YES;
				CLANG_WARN_DEPRECATED_OBJC_IMPLEMENTATIONS = YES;
				CLANG_WARN_DIRECT_OBJC_ISA_USAGE = YES_ERROR;
				CLANG_WARN_DOCUMENTATION_COMMENTS = YES;
				CLANG_WARN_EMPTY_BODY = YES;
				CLANG_WARN_ENUM_CONVERSION = YES;
				CLANG_WARN_INFINITE_RECURSION = YES;
				CLANG_WARN_INT_CONVERSION = YES;
				CLANG_WARN_NON_LITERAL_NULL_CONVERSION = YES;
				CLANG_WARN_OBJC_IMPLICIT_RETAIN_SELF = YES;
				CLANG_WARN_OBJC_LITERAL_CONVERSION = YES;
				CLANG_WARN_OBJC_ROOT_CLASS = YES_ERROR;
				CLANG_WARN_RANGE_LOOP_ANALYSIS = YES;
				CLANG_WARN_STRICT_PROTOTYPES = YES;
				CLANG_WARN_SUSPICIOUS_MOVE = YES;
				CLANG_WARN_UNGUARDED_AVAILABILITY = YES_AGGRESSIVE;
				CLANG_WARN_UNREACHABLE_CODE = YES;
				CLANG_WARN__DUPLICATE_METHOD_MATCH = YES;
				CODE_SIGN_IDENTITY = "iPhone Developer";
				COPY_PHASE_STRIP = NO;
				DEBUG_INFORMATION_FORMAT = "dwarf-with-dsym";
				ENABLE_NS_ASSERTIONS = NO;
				ENABLE_STRICT_OBJC_MSGSEND = YES;
				GCC_C_LANGUAGE_STANDARD = gnu11;
				GCC_NO_COMMON_BLOCKS = YES;
				GCC_WARN_64_TO_32_BIT_CONVERSION = YES;
				GCC_WARN_ABOUT_RETURN_TYPE = YES_ERROR;
				GCC_WARN_UNDECLARED_SELECTOR = YES;
				GCC_WARN_UNINITIALIZED_AUTOS = YES_AGGRESSIVE;
				GCC_WARN_UNUSED_FUNCTION = YES;
				GCC_WARN_UNUSED_VARIABLE = YES;
				IPHONEOS_DEPLOYMENT_TARGET = 9.0;
				MTL_ENABLE_DEBUG_INFO = NO;
				SDKROOT = iphoneos;
				SWIFT_COMPILATION_MODE = wholemodule;
				SWIFT_OPTIMIZATION_LEVEL = "-O";
				VALIDATE_PRODUCT = YES;
			};
			name = Release;
		};
		4E2C1AFF2091A62A00754E57 /* Debug */ = {
			isa = XCBuildConfiguration;
			buildSettings = {
				ASSETCATALOG_COMPILER_APPICON_NAME = AppIcon;
				CODE_SIGN_STYLE = Manual;
				DEVELOPMENT_TEAM = "";
				INFOPLIST_FILE = "$(SRCROOT)/TRiOS/Info.plist";
				IPHONEOS_DEPLOYMENT_TARGET = 9.0;
				LD_RUNPATH_SEARCH_PATHS = (
					"$(inherited)",
					"@executable_path/Frameworks",
				);
				PRODUCT_BUNDLE_IDENTIFIER = lol.aah.Tarradiddle;
				PRODUCT_NAME = "$(TARGET_NAME)";
				PROVISIONING_PROFILE_SPECIFIER = "";
				SWIFT_VERSION = 4.0;
				TARGETED_DEVICE_FAMILY = 1;
			};
			name = Debug;
		};
		4E2C1B002091A62A00754E57 /* Release */ = {
			isa = XCBuildConfiguration;
			buildSettings = {
				ASSETCATALOG_COMPILER_APPICON_NAME = AppIcon;
				CODE_SIGN_STYLE = Manual;
				DEVELOPMENT_TEAM = "";
				INFOPLIST_FILE = "$(SRCROOT)/TRiOS/Info.plist";
				IPHONEOS_DEPLOYMENT_TARGET = 9.0;
				LD_RUNPATH_SEARCH_PATHS = (
					"$(inherited)",
					"@executable_path/Frameworks",
				);
				PRODUCT_BUNDLE_IDENTIFIER = lol.aah.Tarradiddle;
				PRODUCT_NAME = "$(TARGET_NAME)";
				PROVISIONING_PROFILE_SPECIFIER = "";
				SWIFT_VERSION = 4.0;
				TARGETED_DEVICE_FAMILY = 1;
			};
			name = Release;
		};
		4E2C1B1E2091A68300754E57 /* Debug */ = {
			isa = XCBuildConfiguration;
			buildSettings = {
				CODE_SIGN_IDENTITY = "iPhone Developer";
				CODE_SIGN_STYLE = Manual;
				CURRENT_PROJECT_VERSION = 1;
				DEFINES_MODULE = YES;
				DEVELOPMENT_TEAM = "";
				DYLIB_COMPATIBILITY_VERSION = 1;
				DYLIB_CURRENT_VERSION = 1;
				DYLIB_INSTALL_NAME_BASE = "@rpath";
				INFOPLIST_FILE = "$(SRCROOT)/TRAppProxy/Info.plist";
				INSTALL_PATH = "$(LOCAL_LIBRARY_DIR)/Frameworks";
				IPHONEOS_DEPLOYMENT_TARGET = 9.0;
				LD_RUNPATH_SEARCH_PATHS = (
					"$(inherited)",
					"@executable_path/Frameworks",
					"@loader_path/Frameworks",
				);
				PRODUCT_BUNDLE_IDENTIFIER = lol.aah.TRAppProxy;
				PRODUCT_NAME = "$(TARGET_NAME:c99extidentifier)";
				PROVISIONING_PROFILE_SPECIFIER = "";
				SKIP_INSTALL = YES;
				SWIFT_VERSION = 4.0;
				TARGETED_DEVICE_FAMILY = 1;
				VERSIONING_SYSTEM = "apple-generic";
				VERSION_INFO_PREFIX = "";
			};
			name = Debug;
		};
		4E2C1B1F2091A68300754E57 /* Release */ = {
			isa = XCBuildConfiguration;
			buildSettings = {
				CODE_SIGN_IDENTITY = "";
				CODE_SIGN_STYLE = Manual;
				CURRENT_PROJECT_VERSION = 1;
				DEFINES_MODULE = YES;
				DEVELOPMENT_TEAM = "";
				DYLIB_COMPATIBILITY_VERSION = 1;
				DYLIB_CURRENT_VERSION = 1;
				DYLIB_INSTALL_NAME_BASE = "@rpath";
				INFOPLIST_FILE = "$(SRCROOT)/TRAppProxy/Info.plist";
				INSTALL_PATH = "$(LOCAL_LIBRARY_DIR)/Frameworks";
				IPHONEOS_DEPLOYMENT_TARGET = 9.0;
				LD_RUNPATH_SEARCH_PATHS = (
					"$(inherited)",
					"@executable_path/Frameworks",
					"@loader_path/Frameworks",
				);
				PRODUCT_BUNDLE_IDENTIFIER = lol.aah.TRAppProxy;
				PRODUCT_NAME = "$(TARGET_NAME:c99extidentifier)";
				PROVISIONING_PROFILE_SPECIFIER = "";
				SKIP_INSTALL = YES;
				SWIFT_VERSION = 4.0;
				TARGETED_DEVICE_FAMILY = 1;
				VERSIONING_SYSTEM = "apple-generic";
				VERSION_INFO_PREFIX = "";
			};
			name = Release;
		};
		4E2C1B222091A68300754E57 /* Debug */ = {
			isa = XCBuildConfiguration;
			buildSettings = {
				ALWAYS_EMBED_SWIFT_STANDARD_LIBRARIES = YES;
				CLANG_ENABLE_MODULES = YES;
				CODE_SIGN_STYLE = Manual;
				DEVELOPMENT_TEAM = "";
				INFOPLIST_FILE = TarradiddleTests/Info.plist;
				LD_RUNPATH_SEARCH_PATHS = (
					"$(inherited)",
					"@executable_path/Frameworks",
					"@loader_path/Frameworks",
				);
				PRODUCT_BUNDLE_IDENTIFIER = lol.aah.TarradiddleTests;
				PRODUCT_NAME = "$(TARGET_NAME)";
				PROVISIONING_PROFILE_SPECIFIER = "";
				SWIFT_OBJC_BRIDGING_HEADER = "TRiOS/Services/User/TRTests-Bridging-Header.h";
				SWIFT_OPTIMIZATION_LEVEL = "-Onone";
				SWIFT_VERSION = 4.0;
				TARGETED_DEVICE_FAMILY = "1,2";
			};
			name = Debug;
		};
		4E2C1B232091A68300754E57 /* Release */ = {
			isa = XCBuildConfiguration;
			buildSettings = {
				ALWAYS_EMBED_SWIFT_STANDARD_LIBRARIES = YES;
				CLANG_ENABLE_MODULES = YES;
				CODE_SIGN_STYLE = Manual;
				DEVELOPMENT_TEAM = "";
				INFOPLIST_FILE = TarradiddleTests/Info.plist;
				LD_RUNPATH_SEARCH_PATHS = (
					"$(inherited)",
					"@executable_path/Frameworks",
					"@loader_path/Frameworks",
				);
				PRODUCT_BUNDLE_IDENTIFIER = lol.aah.TarradiddleTests;
				PRODUCT_NAME = "$(TARGET_NAME)";
				PROVISIONING_PROFILE_SPECIFIER = "";
				SWIFT_OBJC_BRIDGING_HEADER = "TRiOS/Services/User/TRTests-Bridging-Header.h";
				SWIFT_VERSION = 4.0;
				TARGETED_DEVICE_FAMILY = "1,2";
			};
			name = Release;
		};
/* End XCBuildConfiguration section */

/* Begin XCConfigurationList section */
		4E2C1AE72091A62800754E57 /* Build configuration list for PBXProject "Tarradiddle" */ = {
			isa = XCConfigurationList;
			buildConfigurations = (
				4E2C1AFC2091A62A00754E57 /* Debug */,
				4E2C1AFD2091A62A00754E57 /* Release */,
			);
			defaultConfigurationIsVisible = 0;
			defaultConfigurationName = Release;
		};
		4E2C1AFE2091A62A00754E57 /* Build configuration list for PBXNativeTarget "TRiOS" */ = {
			isa = XCConfigurationList;
			buildConfigurations = (
				4E2C1AFF2091A62A00754E57 /* Debug */,
				4E2C1B002091A62A00754E57 /* Release */,
			);
			defaultConfigurationIsVisible = 0;
			defaultConfigurationName = Release;
		};
		4E2C1B1D2091A68300754E57 /* Build configuration list for PBXNativeTarget "TRAppProxy" */ = {
			isa = XCConfigurationList;
			buildConfigurations = (
				4E2C1B1E2091A68300754E57 /* Debug */,
				4E2C1B1F2091A68300754E57 /* Release */,
			);
			defaultConfigurationIsVisible = 0;
			defaultConfigurationName = Release;
		};
		4E2C1B212091A68300754E57 /* Build configuration list for PBXNativeTarget "TRTests" */ = {
			isa = XCConfigurationList;
			buildConfigurations = (
				4E2C1B222091A68300754E57 /* Debug */,
				4E2C1B232091A68300754E57 /* Release */,
			);
			defaultConfigurationIsVisible = 0;
			defaultConfigurationName = Release;
		};
/* End XCConfigurationList section */
	};
	rootObject = 4E2C1AE42091A62800754E57 /* Project object */;
}
